{
  "version": "5",
  "remote": {
    "https://edge.netlify.com/": "fd941d61d88673d5f28aab283fb86fcc50f08a3bc80ee5470498fcfa88c65cfb",
    "https://edge.netlify.com/bootstrap/config.ts": "6a2ce0e544e15e8f8883a5c18da5948e37fd0f2619f68cb31f3af53c51817025",
    "https://edge.netlify.com/bootstrap/context.ts": "e97240232121e2f369f6546ce961490f34d961ea1ea54be3ff09633e3f08373f",
    "https://edge.netlify.com/bootstrap/cookie.ts": "8b0baae708989ca183c6f3b4ab3d029e6abcbc2e43f93edeb0ff447b3bbc3a05",
    "https://edge.netlify.com/bootstrap/edge_function.ts": "b8253e86aa83c67341f5cfedeba5049d77fbf84dcab7eceff7566b7728ae9b39",
    "https://edge.netlify.com/bootstrap/globals/types.ts": "eaa6148ded3121d8dee62dd91c86e7fe76601df0f3ca8d7962243a30f4c8935f"
  },
  "workspace": {
    "packageJson": {
      "dependencies": [
        "npm:@midzer/tobii@^2.4.0",
        "npm:animate.css@^4.1.1",
        "npm:apexcharts@^3.35.4",
        "npm:bootstrap@5.2.1",
        "npm:browser-sync@^2.27.7",
        "npm:chart.js@^3.9.1",
        "npm:clipboard@^2.0.11",
        "npm:code-prettify@0.1",
        "npm:cropperjs@^1.5.12",
        "npm:del@6.0.0",
        "npm:dragula@^3.7.3",
        "npm:feather-icons@^4.29.0",
        "npm:fullcalendar@^5.11.2",
        "npm:gmaps@~0.4.25",
        "npm:gulp-autoprefixer@8",
        "npm:gulp-cached@1.1.1",
        "npm:gulp-clean-css@^4.3.0",
        "npm:gulp-cssnano@2.1.3",
        "npm:gulp-file-include@2.3.0",
        "npm:gulp-if@3.0.0",
        "npm:gulp-newer@^1.4.0",
        "npm:gulp-npm-dist@^1.0.3",
        "npm:gulp-rename@2",
        "npm:gulp-replace@1.1.3",
        "npm:gulp-rtlcss@^1.4.2",
        "npm:gulp-sass@^5.1.0",
        "npm:gulp-sourcemaps@3",
        "npm:gulp-uglify@3.0.2",
        "npm:gulp-useref-plus@0.0.8",
        "npm:gulp@^4.0.2",
        "npm:hopscotch@~0.3.1",
        "npm:huebee@^2.1.1",
        "npm:imask@^6.4.2",
        "npm:jsvectormap@^1.5.1",
        "npm:justgage@^1.5.1",
        "npm:leaflet@^1.8.0",
        "npm:listree@^0.0.6",
        "npm:litepicker@^2.0.12",
        "npm:magic.css@^1.4.8",
        "npm:mobius1-selectr@^2.4.13",
        "npm:moment@^2.29.3",
        "npm:node-sass@9",
        "npm:nouislider@^15.6.0",
        "npm:raphael@^2.3.0",
        "npm:sass@^1.70.0",
        "npm:shufflejs@^6.1.0",
        "npm:simple-datatables@^3.2.2",
        "npm:simplebar@^4.2.3",
        "npm:starability@^2.4.0",
        "npm:sweetalert2@^11.4.26",
        "npm:tabulator-tables@^5.3.4",
        "npm:tinymce@^6.1.2",
        "npm:tui-chart@^3.11.3",
        "npm:uppy@^3.0.1",
        "npm:vanillajs-datepicker@^1.2.0",
        "npm:wnumb@^1.2.0"
      ]
    }
  }
}
